
Microsoft Visual Studio Solution File, Format Version 12.00
# Visual Studio Version 17
VisualStudioVersion = 17.2.32630.192
MinimumVisualStudioVersion = 10.0.40219.1
Project("{FAE04EC0-301F-11D3-BF4B-00C04F79EFBC}") = "ConsoleApp3", "ConsoleApp3\ConsoleApp3.csproj", "{0C6BE811-EFC2-479D-BEC0-FBA9A2F29369}"
EndProject
Global
	GlobalSection(SolutionConfigurationPlatforms) = preSolution
		Debug|Any CPU = Debug|Any CPU
		Release|Any CPU = Release|Any CPU
	EndGlobalSection
	GlobalSection(ProjectConfigurationPlatforms) = postSolution
		{0C6BE811-EFC2-479D-BEC0-FBA9A2F29369}.Debug|Any CPU.ActiveCfg = Debug|Any CPU
		{0C6BE811-EFC2-479D-BEC0-FBA9A2F29369}.Debug|Any CPU.Build.0 = Debug|Any CPU
		{0C6BE811-EFC2-479D-BEC0-FBA9A2F29369}.Release|Any CPU.ActiveCfg = Release|Any CPU
		{0C6BE811-EFC2-479D-BEC0-FBA9A2F29369}.Release|Any CPU.Build.0 = Release|Any CPU
	EndGlobalSection
	GlobalSection(SolutionProperties) = preSolution
		HideSolutionNode = FALSE
	EndGlobalSection
	GlobalSection(ExtensibilityGlobals) = postSolution
		SolutionGuid = {33A0C5C7-8466-41F3-AF98-F6E1394DC4ED}
	EndGlobalSection
EndGlobal
